// !$*UTF8*$!
{
	archiveVersion = 1;
	classes = {
	};
	objectVersion = 50;
	objects = {

/* Begin PBXBuildFile section */
		733719EAB8DA3028961A1479 /* Pods_ArtableAdmin.framework in Frameworks */ = {isa = PBXBuildFile; fileRef = 0AB741B16D945D90BEF39CAF /* Pods_ArtableAdmin.framework */; };
		C21F33D42298F43A00186C17 /* AppDelegate.swift in Sources */ = {isa = PBXBuildFile; fileRef = C21F33D32298F43A00186C17 /* AppDelegate.swift */; };
		C21F33D62298F43A00186C17 /* ViewController.swift in Sources */ = {isa = PBXBuildFile; fileRef = C21F33D52298F43A00186C17 /* ViewController.swift */; };
		C21F33D92298F43A00186C17 /* Main.storyboard in Resources */ = {isa = PBXBuildFile; fileRef = C21F33D72298F43A00186C17 /* Main.storyboard */; };
		C21F33DB2298F43C00186C17 /* Assets.xcassets in Resources */ = {isa = PBXBuildFile; fileRef = C21F33DA2298F43C00186C17 /* Assets.xcassets */; };
		C21F33DE2298F43C00186C17 /* LaunchScreen.storyboard in Resources */ = {isa = PBXBuildFile; fileRef = C21F33DC2298F43C00186C17 /* LaunchScreen.storyboard */; };
		C21F33ED2298F46D00186C17 /* AppDelegate.swift in Sources */ = {isa = PBXBuildFile; fileRef = C21F33EC2298F46D00186C17 /* AppDelegate.swift */; };
		C21F33EF2298F46D00186C17 /* ViewController.swift in Sources */ = {isa = PBXBuildFile; fileRef = C21F33EE2298F46D00186C17 /* ViewController.swift */; };
		C21F33F22298F46D00186C17 /* Main.storyboard in Resources */ = {isa = PBXBuildFile; fileRef = C21F33F02298F46D00186C17 /* Main.storyboard */; };
		C21F33F72298F46E00186C17 /* LaunchScreen.storyboard in Resources */ = {isa = PBXBuildFile; fileRef = C21F33F52298F46E00186C17 /* LaunchScreen.storyboard */; };
		C21F33FC2298F47C00186C17 /* Assets.xcassets in Resources */ = {isa = PBXBuildFile; fileRef = C21F33DA2298F43C00186C17 /* Assets.xcassets */; };
		C28825CC229BF2F00081551C /* File.swift in Sources */ = {isa = PBXBuildFile; fileRef = C28825CB229BF2F00081551C /* File.swift */; };
		C2A4F5A8229B051B00ECEE2D /* GoogleService-Info.plist in Resources */ = {isa = PBXBuildFile; fileRef = C2A4F5A7229B051B00ECEE2D /* GoogleService-Info.plist */; };
		C2B0AF89229ACD69001412FD /* LoginStoryboardVC.swift in Sources */ = {isa = PBXBuildFile; fileRef = C2B0AF88229ACD69001412FD /* LoginStoryboardVC.swift */; };
		C2B0AF8B229ACD7B001412FD /* RegisterVC.swift in Sources */ = {isa = PBXBuildFile; fileRef = C2B0AF8A229ACD7B001412FD /* RegisterVC.swift */; };
		C2B0AF8F229AD6B1001412FD /* GoogleService-Info.plist in Resources */ = {isa = PBXBuildFile; fileRef = C2B0AF8E229AD6B1001412FD /* GoogleService-Info.plist */; };
		C2BF64312299C95C007ABFB9 /* LoginStoryBoard.storyboard in Resources */ = {isa = PBXBuildFile; fileRef = C2BF64302299C95C007ABFB9 /* LoginStoryBoard.storyboard */; };
		E926A475514849C5C6B23528 /* Pods_Artable.framework in Frameworks */ = {isa = PBXBuildFile; fileRef = 9B189568D0382897DAAA5B8B /* Pods_Artable.framework */; };
/* End PBXBuildFile section */

/* Begin PBXFileReference section */
		0AB741B16D945D90BEF39CAF /* Pods_ArtableAdmin.framework */ = {isa = PBXFileReference; explicitFileType = wrapper.framework; includeInIndex = 0; path = Pods_ArtableAdmin.framework; sourceTree = BUILT_PRODUCTS_DIR; };
		6C246922047E4E4E78DB658A /* Pods-ArtableAdmin.release.xcconfig */ = {isa = PBXFileReference; includeInIndex = 1; lastKnownFileType = text.xcconfig; name = "Pods-ArtableAdmin.release.xcconfig"; path = "Pods/Target Support Files/Pods-ArtableAdmin/Pods-ArtableAdmin.release.xcconfig"; sourceTree = "<group>"; };
		802F76026DAD5055D72CE7FA /* Pods-ArtableAdmin.debug.xcconfig */ = {isa = PBXFileReference; includeInIndex = 1; lastKnownFileType = text.xcconfig; name = "Pods-ArtableAdmin.debug.xcconfig"; path = "Pods/Target Support Files/Pods-ArtableAdmin/Pods-ArtableAdmin.debug.xcconfig"; sourceTree = "<group>"; };
		9B189568D0382897DAAA5B8B /* Pods_Artable.framework */ = {isa = PBXFileReference; explicitFileType = wrapper.framework; includeInIndex = 0; path = Pods_Artable.framework; sourceTree = BUILT_PRODUCTS_DIR; };
		C21F33D02298F43A00186C17 /* Artable.app */ = {isa = PBXFileReference; explicitFileType = wrapper.application; includeInIndex = 0; path = Artable.app; sourceTree = BUILT_PRODUCTS_DIR; };
		C21F33D32298F43A00186C17 /* AppDelegate.swift */ = {isa = PBXFileReference; lastKnownFileType = sourcecode.swift; path = AppDelegate.swift; sourceTree = "<group>"; };
		C21F33D52298F43A00186C17 /* ViewController.swift */ = {isa = PBXFileReference; lastKnownFileType = sourcecode.swift; path = ViewController.swift; sourceTree = "<group>"; };
		C21F33D82298F43A00186C17 /* Base */ = {isa = PBXFileReference; lastKnownFileType = file.storyboard; name = Base; path = Base.lproj/Main.storyboard; sourceTree = "<group>"; };
		C21F33DA2298F43C00186C17 /* Assets.xcassets */ = {isa = PBXFileReference; lastKnownFileType = folder.assetcatalog; path = Assets.xcassets; sourceTree = "<group>"; };
		C21F33DD2298F43C00186C17 /* Base */ = {isa = PBXFileReference; lastKnownFileType = file.storyboard; name = Base; path = Base.lproj/LaunchScreen.storyboard; sourceTree = "<group>"; };
		C21F33DF2298F43C00186C17 /* Info.plist */ = {isa = PBXFileReference; lastKnownFileType = text.plist.xml; path = Info.plist; sourceTree = "<group>"; };
		C21F33EA2298F46D00186C17 /* ArtableAdmin.app */ = {isa = PBXFileReference; explicitFileType = wrapper.application; includeInIndex = 0; path = ArtableAdmin.app; sourceTree = BUILT_PRODUCTS_DIR; };
		C21F33EC2298F46D00186C17 /* AppDelegate.swift */ = {isa = PBXFileReference; lastKnownFileType = sourcecode.swift; path = AppDelegate.swift; sourceTree = "<group>"; };
		C21F33EE2298F46D00186C17 /* ViewController.swift */ = {isa = PBXFileReference; lastKnownFileType = sourcecode.swift; path = ViewController.swift; sourceTree = "<group>"; };
		C21F33F12298F46D00186C17 /* Base */ = {isa = PBXFileReference; lastKnownFileType = file.storyboard; name = Base; path = Base.lproj/Main.storyboard; sourceTree = "<group>"; };
		C21F33F62298F46E00186C17 /* Base */ = {isa = PBXFileReference; lastKnownFileType = file.storyboard; name = Base; path = Base.lproj/LaunchScreen.storyboard; sourceTree = "<group>"; };
		C21F33F82298F46E00186C17 /* Info.plist */ = {isa = PBXFileReference; lastKnownFileType = text.plist.xml; path = Info.plist; sourceTree = "<group>"; };
		C28825CB229BF2F00081551C /* File.swift */ = {isa = PBXFileReference; lastKnownFileType = sourcecode.swift; path = File.swift; sourceTree = "<group>"; };
		C2A4F5A7229B051B00ECEE2D /* GoogleService-Info.plist */ = {isa = PBXFileReference; fileEncoding = 4; lastKnownFileType = text.plist.xml; path = "GoogleService-Info.plist"; sourceTree = "<group>"; };
		C2B0AF88229ACD69001412FD /* LoginStoryboardVC.swift */ = {isa = PBXFileReference; lastKnownFileType = sourcecode.swift; path = LoginStoryboardVC.swift; sourceTree = "<group>"; };
		C2B0AF8A229ACD7B001412FD /* RegisterVC.swift */ = {isa = PBXFileReference; lastKnownFileType = sourcecode.swift; path = RegisterVC.swift; sourceTree = "<group>"; };
		C2B0AF8E229AD6B1001412FD /* GoogleService-Info.plist */ = {isa = PBXFileReference; fileEncoding = 4; lastKnownFileType = text.plist.xml; path = "GoogleService-Info.plist"; sourceTree = "<group>"; };
		C2BF64302299C95C007ABFB9 /* LoginStoryBoard.storyboard */ = {isa = PBXFileReference; lastKnownFileType = file.storyboard; path = LoginStoryBoard.storyboard; sourceTree = "<group>"; };
		F4D27C527E29A8F2CF4C4E59 /* Pods-Artable.release.xcconfig */ = {isa = PBXFileReference; includeInIndex = 1; lastKnownFileType = text.xcconfig; name = "Pods-Artable.release.xcconfig"; path = "Pods/Target Support Files/Pods-Artable/Pods-Artable.release.xcconfig"; sourceTree = "<group>"; };
		FB19D2586B4915637D8BCDCF /* Pods-Artable.debug.xcconfig */ = {isa = PBXFileReference; includeInIndex = 1; lastKnownFileType = text.xcconfig; name = "Pods-Artable.debug.xcconfig"; path = "Pods/Target Support Files/Pods-Artable/Pods-Artable.debug.xcconfig"; sourceTree = "<group>"; };
/* End PBXFileReference section */

/* Begin PBXFrameworksBuildPhase section */
		C21F33CD2298F43A00186C17 /* Frameworks */ = {
			isa = PBXFrameworksBuildPhase;
			buildActionMask = 2147483647;
			files = (
				E926A475514849C5C6B23528 /* Pods_Artable.framework in Frameworks */,
			);
			runOnlyForDeploymentPostprocessing = 0;
		};
		C21F33E72298F46D00186C17 /* Frameworks */ = {
			isa = PBXFrameworksBuildPhase;
			buildActionMask = 2147483647;
			files = (
				733719EAB8DA3028961A1479 /* Pods_ArtableAdmin.framework in Frameworks */,
			);
			runOnlyForDeploymentPostprocessing = 0;
		};
/* End PBXFrameworksBuildPhase section */

/* Begin PBXGroup section */
		72F5AB18650FF0044C09C29E /* Pods */ = {
			isa = PBXGroup;
			children = (
				FB19D2586B4915637D8BCDCF /* Pods-Artable.debug.xcconfig */,
				F4D27C527E29A8F2CF4C4E59 /* Pods-Artable.release.xcconfig */,
				802F76026DAD5055D72CE7FA /* Pods-ArtableAdmin.debug.xcconfig */,
				6C246922047E4E4E78DB658A /* Pods-ArtableAdmin.release.xcconfig */,
			);
			name = Pods;
			sourceTree = "<group>";
		};
		C21F33C72298F43A00186C17 = {
			isa = PBXGroup;
			children = (
				C21F33E52298F44600186C17 /* Share */,
				C21F33D22298F43A00186C17 /* Artable */,
				C21F33EB2298F46D00186C17 /* ArtableAdmin */,
				C21F33D12298F43A00186C17 /* Products */,
				72F5AB18650FF0044C09C29E /* Pods */,
				DD3B862784AE89B4C64B2AC0 /* Frameworks */,
			);
			sourceTree = "<group>";
		};
		C21F33D12298F43A00186C17 /* Products */ = {
			isa = PBXGroup;
			children = (
				C21F33D02298F43A00186C17 /* Artable.app */,
				C21F33EA2298F46D00186C17 /* ArtableAdmin.app */,
			);
			name = Products;
			sourceTree = "<group>";
		};
		C21F33D22298F43A00186C17 /* Artable */ = {
			isa = PBXGroup;
			children = (
				C2B0AF84229ACCE9001412FD /* Model */,
				C2B0AF85229ACCF5001412FD /* VIew */,
				C2B0AF86229ACCFC001412FD /* Controller */,
				C2B0AF87229ACD04001412FD /* Storyboards */,
				C21F33DF2298F43C00186C17 /* Info.plist */,
				C2A4F5A7229B051B00ECEE2D /* GoogleService-Info.plist */,
			);
			path = Artable;
			sourceTree = "<group>";
		};
		C21F33E52298F44600186C17 /* Share */ = {
			isa = PBXGroup;
			children = (
				C28825CA229BF2D50081551C /* Utils */,
				C21F33DA2298F43C00186C17 /* Assets.xcassets */,
			);
			path = Share;
			sourceTree = "<group>";
		};
		C21F33EB2298F46D00186C17 /* ArtableAdmin */ = {
			isa = PBXGroup;
			children = (
				C21F33EC2298F46D00186C17 /* AppDelegate.swift */,
				C21F33EE2298F46D00186C17 /* ViewController.swift */,
				C21F33F02298F46D00186C17 /* Main.storyboard */,
				C21F33F52298F46E00186C17 /* LaunchScreen.storyboard */,
				C2B0AF8E229AD6B1001412FD /* GoogleService-Info.plist */,
				C21F33F82298F46E00186C17 /* Info.plist */,
			);
			path = ArtableAdmin;
			sourceTree = "<group>";
		};
		C28825CA229BF2D50081551C /* Utils */ = {
			isa = PBXGroup;
			children = (
				C28825CB229BF2F00081551C /* File.swift */,
			);
			path = Utils;
			sourceTree = "<group>";
		};
		C2B0AF84229ACCE9001412FD /* Model */ = {
			isa = PBXGroup;
			children = (
			);
			path = Model;
			sourceTree = "<group>";
		};
		C2B0AF85229ACCF5001412FD /* VIew */ = {
			isa = PBXGroup;
			children = (
			);
			path = VIew;
			sourceTree = "<group>";
		};
		C2B0AF86229ACCFC001412FD /* Controller */ = {
			isa = PBXGroup;
			children = (
				C21F33D32298F43A00186C17 /* AppDelegate.swift */,
				C21F33D52298F43A00186C17 /* ViewController.swift */,
				C2B0AF88229ACD69001412FD /* LoginStoryboardVC.swift */,
				C2B0AF8A229ACD7B001412FD /* RegisterVC.swift */,
			);
			path = Controller;
			sourceTree = "<group>";
		};
		C2B0AF87229ACD04001412FD /* Storyboards */ = {
			isa = PBXGroup;
			children = (
				C2BF64302299C95C007ABFB9 /* LoginStoryBoard.storyboard */,
				C21F33D72298F43A00186C17 /* Main.storyboard */,
				C21F33DC2298F43C00186C17 /* LaunchScreen.storyboard */,
			);
			path = Storyboards;
			sourceTree = "<group>";
		};
		DD3B862784AE89B4C64B2AC0 /* Frameworks */ = {
			isa = PBXGroup;
			children = (
				9B189568D0382897DAAA5B8B /* Pods_Artable.framework */,
				0AB741B16D945D90BEF39CAF /* Pods_ArtableAdmin.framework */,
			);
			name = Frameworks;
			sourceTree = "<group>";
		};
/* End PBXGroup section */

/* Begin PBXNativeTarget section */
		C21F33CF2298F43A00186C17 /* Artable */ = {
			isa = PBXNativeTarget;
			buildConfigurationList = C21F33E22298F43C00186C17 /* Build configuration list for PBXNativeTarget "Artable" */;
			buildPhases = (
				10B1B804A4F3291936143E17 /* [CP] Check Pods Manifest.lock */,
				C21F33CC2298F43A00186C17 /* Sources */,
				C21F33CD2298F43A00186C17 /* Frameworks */,
				C21F33CE2298F43A00186C17 /* Resources */,
				C494A90CFE04C58EF95BEB23 /* [CP] Embed Pods Frameworks */,
			);
			buildRules = (
			);
			dependencies = (
			);
			name = Artable;
			productName = Artable;
			productReference = C21F33D02298F43A00186C17 /* Artable.app */;
			productType = "com.apple.product-type.application";
		};
		C21F33E92298F46D00186C17 /* ArtableAdmin */ = {
			isa = PBXNativeTarget;
			buildConfigurationList = C21F33F92298F46E00186C17 /* Build configuration list for PBXNativeTarget "ArtableAdmin" */;
			buildPhases = (
				EFA5F930484B01CD03830F9D /* [CP] Check Pods Manifest.lock */,
				C21F33E62298F46D00186C17 /* Sources */,
				C21F33E72298F46D00186C17 /* Frameworks */,
				C21F33E82298F46D00186C17 /* Resources */,
				81B2879DE317A62CD8FB82B3 /* [CP] Embed Pods Frameworks */,
			);
			buildRules = (
			);
			dependencies = (
			);
			name = ArtableAdmin;
			productName = ArtableAdmin;
			productReference = C21F33EA2298F46D00186C17 /* ArtableAdmin.app */;
			productType = "com.apple.product-type.application";
		};
/* End PBXNativeTarget section */

/* Begin PBXProject section */
		C21F33C82298F43A00186C17 /* Project object */ = {
			isa = PBXProject;
			attributes = {
				LastSwiftUpdateCheck = 1020;
				LastUpgradeCheck = 1020;
				ORGANIZATIONNAME = "Arman Habib";
				TargetAttributes = {
					C21F33CF2298F43A00186C17 = {
						CreatedOnToolsVersion = 10.2.1;
					};
					C21F33E92298F46D00186C17 = {
						CreatedOnToolsVersion = 10.2.1;
					};
				};
			};
			buildConfigurationList = C21F33CB2298F43A00186C17 /* Build configuration list for PBXProject "Artable" */;
			compatibilityVersion = "Xcode 9.3";
			developmentRegion = en;
			hasScannedForEncodings = 0;
			knownRegions = (
				en,
				Base,
			);
			mainGroup = C21F33C72298F43A00186C17;
			productRefGroup = C21F33D12298F43A00186C17 /* Products */;
			projectDirPath = "";
			projectRoot = "";
			targets = (
				C21F33CF2298F43A00186C17 /* Artable */,
				C21F33E92298F46D00186C17 /* ArtableAdmin */,
			);
		};
/* End PBXProject section */

/* Begin PBXResourcesBuildPhase section */
		C21F33CE2298F43A00186C17 /* Resources */ = {
			isa = PBXResourcesBuildPhase;
			buildActionMask = 2147483647;
			files = (
				C2BF64312299C95C007ABFB9 /* LoginStoryBoard.storyboard in Resources */,
				C21F33DE2298F43C00186C17 /* LaunchScreen.storyboard in Resources */,
				C2A4F5A8229B051B00ECEE2D /* GoogleService-Info.plist in Resources */,
				C21F33DB2298F43C00186C17 /* Assets.xcassets in Resources */,
				C21F33D92298F43A00186C17 /* Main.storyboard in Resources */,
			);
			runOnlyForDeploymentPostprocessing = 0;
		};
		C21F33E82298F46D00186C17 /* Resources */ = {
			isa = PBXResourcesBuildPhase;
			buildActionMask = 2147483647;
			files = (
				C21F33F72298F46E00186C17 /* LaunchScreen.storyboard in Resources */,
				C2B0AF8F229AD6B1001412FD /* GoogleService-Info.plist in Resources */,
				C21F33FC2298F47C00186C17 /* Assets.xcassets in Resources */,
				C21F33F22298F46D00186C17 /* Main.storyboard in Resources */,
			);
			runOnlyForDeploymentPostprocessing = 0;
		};
/* End PBXResourcesBuildPhase section */

/* Begin PBXShellScriptBuildPhase section */
		10B1B804A4F3291936143E17 /* [CP] Check Pods Manifest.lock */ = {
			isa = PBXShellScriptBuildPhase;
			buildActionMask = 2147483647;
			files = (
			);
			inputPaths = (
				"${PODS_PODFILE_DIR_PATH}/Podfile.lock",
				"${PODS_ROOT}/Manifest.lock",
			);
			name = "[CP] Check Pods Manifest.lock";
			outputPaths = (
				"$(DERIVED_FILE_DIR)/Pods-Artable-checkManifestLockResult.txt",
			);
			runOnlyForDeploymentPostprocessing = 0;
			shellPath = /bin/sh;
			shellScript = "diff \"${PODS_PODFILE_DIR_PATH}/Podfile.lock\" \"${PODS_ROOT}/Manifest.lock\" > /dev/null\nif [ $? != 0 ] ; then\n    # print error to STDERR\n    echo \"error: The sandbox is not in sync with the Podfile.lock. Run 'pod install' or update your CocoaPods installation.\" >&2\n    exit 1\nfi\n# This output is used by Xcode 'outputs' to avoid re-running this script phase.\necho \"SUCCESS\" > \"${SCRIPT_OUTPUT_FILE_0}\"\n";
			showEnvVarsInLog = 0;
		};
		81B2879DE317A62CD8FB82B3 /* [CP] Embed Pods Frameworks */ = {
			isa = PBXShellScriptBuildPhase;
			buildActionMask = 2147483647;
			files = (
			);
			inputPaths = (
				"${SRCROOT}/Pods/Target Support Files/Pods-ArtableAdmin/Pods-ArtableAdmin-frameworks.sh",
				"${BUILT_PRODUCTS_DIR}/BoringSSL-GRPC/openssl_grpc.framework",
				"${BUILT_PRODUCTS_DIR}/CodableFirebase/CodableFirebase.framework",
				"${BUILT_PRODUCTS_DIR}/GTMSessionFetcher/GTMSessionFetcher.framework",
				"${BUILT_PRODUCTS_DIR}/GoogleUtilities/GoogleUtilities.framework",
				"${BUILT_PRODUCTS_DIR}/IQKeyboardManagerSwift/IQKeyboardManagerSwift.framework",
				"${BUILT_PRODUCTS_DIR}/Kingfisher/Kingfisher.framework",
				"${BUILT_PRODUCTS_DIR}/Protobuf/Protobuf.framework",
				"${BUILT_PRODUCTS_DIR}/gRPC-C++/grpcpp.framework",
				"${BUILT_PRODUCTS_DIR}/gRPC-Core/grpc.framework",
				"${BUILT_PRODUCTS_DIR}/leveldb-library/leveldb.framework",
				"${BUILT_PRODUCTS_DIR}/nanopb/nanopb.framework",
				"${BUILT_PRODUCTS_DIR}/CropViewController/CropViewController.framework",
			);
			name = "[CP] Embed Pods Frameworks";
			outputPaths = (
				"${TARGET_BUILD_DIR}/${FRAMEWORKS_FOLDER_PATH}/openssl_grpc.framework",
				"${TARGET_BUILD_DIR}/${FRAMEWORKS_FOLDER_PATH}/CodableFirebase.framework",
				"${TARGET_BUILD_DIR}/${FRAMEWORKS_FOLDER_PATH}/GTMSessionFetcher.framework",
				"${TARGET_BUILD_DIR}/${FRAMEWORKS_FOLDER_PATH}/GoogleUtilities.framework",
				"${TARGET_BUILD_DIR}/${FRAMEWORKS_FOLDER_PATH}/IQKeyboardManagerSwift.framework",
				"${TARGET_BUILD_DIR}/${FRAMEWORKS_FOLDER_PATH}/Kingfisher.framework",
				"${TARGET_BUILD_DIR}/${FRAMEWORKS_FOLDER_PATH}/Protobuf.framework",
				"${TARGET_BUILD_DIR}/${FRAMEWORKS_FOLDER_PATH}/grpcpp.framework",
				"${TARGET_BUILD_DIR}/${FRAMEWORKS_FOLDER_PATH}/grpc.framework",
				"${TARGET_BUILD_DIR}/${FRAMEWORKS_FOLDER_PATH}/leveldb.framework",
				"${TARGET_BUILD_DIR}/${FRAMEWORKS_FOLDER_PATH}/nanopb.framework",
				"${TARGET_BUILD_DIR}/${FRAMEWORKS_FOLDER_PATH}/CropViewController.framework",
			);
			runOnlyForDeploymentPostprocessing = 0;
			shellPath = /bin/sh;
			shellScript = "\"${SRCROOT}/Pods/Target Support Files/Pods-ArtableAdmin/Pods-ArtableAdmin-frameworks.sh\"\n";
			showEnvVarsInLog = 0;
		};
		C494A90CFE04C58EF95BEB23 /* [CP] Embed Pods Frameworks */ = {
			isa = PBXShellScriptBuildPhase;
			buildActionMask = 2147483647;
			files = (
			);
			inputPaths = (
				"${SRCROOT}/Pods/Target Support Files/Pods-Artable/Pods-Artable-frameworks.sh",
				"${BUILT_PRODUCTS_DIR}/Alamofire/Alamofire.framework",
				"${BUILT_PRODUCTS_DIR}/BoringSSL-GRPC/openssl_grpc.framework",
				"${BUILT_PRODUCTS_DIR}/CodableFirebase/CodableFirebase.framework",
				"${BUILT_PRODUCTS_DIR}/GTMSessionFetcher/GTMSessionFetcher.framework",
				"${BUILT_PRODUCTS_DIR}/GoogleUtilities/GoogleUtilities.framework",
				"${BUILT_PRODUCTS_DIR}/IQKeyboardManagerSwift/IQKeyboardManagerSwift.framework",
				"${BUILT_PRODUCTS_DIR}/Kingfisher/Kingfisher.framework",
				"${BUILT_PRODUCTS_DIR}/Protobuf/Protobuf.framework",
				"${BUILT_PRODUCTS_DIR}/Stripe/Stripe.framework",
				"${BUILT_PRODUCTS_DIR}/gRPC-C++/grpcpp.framework",
				"${BUILT_PRODUCTS_DIR}/gRPC-Core/grpc.framework",
				"${BUILT_PRODUCTS_DIR}/leveldb-library/leveldb.framework",
				"${BUILT_PRODUCTS_DIR}/nanopb/nanopb.framework",
			);
			name = "[CP] Embed Pods Frameworks";
			outputPaths = (
				"${TARGET_BUILD_DIR}/${FRAMEWORKS_FOLDER_PATH}/Alamofire.framework",
				"${TARGET_BUILD_DIR}/${FRAMEWORKS_FOLDER_PATH}/openssl_grpc.framework",
				"${TARGET_BUILD_DIR}/${FRAMEWORKS_FOLDER_PATH}/CodableFirebase.framework",
				"${TARGET_BUILD_DIR}/${FRAMEWORKS_FOLDER_PATH}/GTMSessionFetcher.framework",
				"${TARGET_BUILD_DIR}/${FRAMEWORKS_FOLDER_PATH}/GoogleUtilities.framework",
				"${TARGET_BUILD_DIR}/${FRAMEWORKS_FOLDER_PATH}/IQKeyboardManagerSwift.framework",
				"${TARGET_BUILD_DIR}/${FRAMEWORKS_FOLDER_PATH}/Kingfisher.framework",
				"${TARGET_BUILD_DIR}/${FRAMEWORKS_FOLDER_PATH}/Protobuf.framework",
				"${TARGET_BUILD_DIR}/${FRAMEWORKS_FOLDER_PATH}/Stripe.framework",
				"${TARGET_BUILD_DIR}/${FRAMEWORKS_FOLDER_PATH}/grpcpp.framework",
				"${TARGET_BUILD_DIR}/${FRAMEWORKS_FOLDER_PATH}/grpc.framework",
				"${TARGET_BUILD_DIR}/${FRAMEWORKS_FOLDER_PATH}/leveldb.framework",
				"${TARGET_BUILD_DIR}/${FRAMEWORKS_FOLDER_PATH}/nanopb.framework",
			);
			runOnlyForDeploymentPostprocessing = 0;
			shellPath = /bin/sh;
			shellScript = "\"${SRCROOT}/Pods/Target Support Files/Pods-Artable/Pods-Artable-frameworks.sh\"\n";
			showEnvVarsInLog = 0;
		};
		EFA5F930484B01CD03830F9D /* [CP] Check Pods Manifest.lock */ = {
			isa = PBXShellScriptBuildPhase;
			buildActionMask = 2147483647;
			files = (
			);
			inputPaths = (
				"${PODS_PODFILE_DIR_PATH}/Podfile.lock",
				"${PODS_ROOT}/Manifest.lock",
			);
			name = "[CP] Check Pods Manifest.lock";
			outputPaths = (
				"$(DERIVED_FILE_DIR)/Pods-ArtableAdmin-checkManifestLockResult.txt",
			);
			runOnlyForDeploymentPostprocessing = 0;
			shellPath = /bin/sh;
			shellScript = "diff \"${PODS_PODFILE_DIR_PATH}/Podfile.lock\" \"${PODS_ROOT}/Manifest.lock\" > /dev/null\nif [ $? != 0 ] ; then\n    # print error to STDERR\n    echo \"error: The sandbox is not in sync with the Podfile.lock. Run 'pod install' or update your CocoaPods installation.\" >&2\n    exit 1\nfi\n# This output is used by Xcode 'outputs' to avoid re-running this script phase.\necho \"SUCCESS\" > \"${SCRIPT_OUTPUT_FILE_0}\"\n";
			showEnvVarsInLog = 0;
		};
/* End PBXShellScriptBuildPhase section */

/* Begin PBXSourcesBuildPhase section */
		C21F33CC2298F43A00186C17 /* Sources */ = {
			isa = PBXSourcesBuildPhase;
			buildActionMask = 2147483647;
			files = (
				C28825CC229BF2F00081551C /* File.swift in Sources */,
				C21F33D62298F43A00186C17 /* ViewController.swift in Sources */,
				C2B0AF8B229ACD7B001412FD /* RegisterVC.swift in Sources */,
				C21F33D42298F43A00186C17 /* AppDelegate.swift in Sources */,
				C2B0AF89229ACD69001412FD /* LoginStoryboardVC.swift in Sources */,
			);
			runOnlyForDeploymentPostprocessing = 0;
		};
		C21F33E62298F46D00186C17 /* Sources */ = {
			isa = PBXSourcesBuildPhase;
			buildActionMask = 2147483647;
			files = (
				C21F33EF2298F46D00186C17 /* ViewController.swift in Sources */,
				C21F33ED2298F46D00186C17 /* AppDelegate.swift in Sources */,
			);
			runOnlyForDeploymentPostprocessing = 0;
		};
/* End PBXSourcesBuildPhase section */

/* Begin PBXVariantGroup section */
		C21F33D72298F43A00186C17 /* Main.storyboard */ = {
			isa = PBXVariantGroup;
			children = (
				C21F33D82298F43A00186C17 /* Base */,
			);
			name = Main.storyboard;
			sourceTree = "<group>";
		};
		C21F33DC2298F43C00186C17 /* LaunchScreen.storyboard */ = {
			isa = PBXVariantGroup;
			children = (
				C21F33DD2298F43C00186C17 /* Base */,
			);
			name = LaunchScreen.storyboard;
			sourceTree = "<group>";
		};
		C21F33F02298F46D00186C17 /* Main.storyboard */ = {
			isa = PBXVariantGroup;
			children = (
				C21F33F12298F46D00186C17 /* Base */,
			);
			name = Main.storyboard;
			sourceTree = "<group>";
		};
		C21F33F52298F46E00186C17 /* LaunchScreen.storyboard */ = {
			isa = PBXVariantGroup;
			children = (
				C21F33F62298F46E00186C17 /* Base */,
			);
			name = LaunchScreen.storyboard;
			sourceTree = "<group>";
		};
/* End PBXVariantGroup section */

/* Begin XCBuildConfiguration section */
		C21F33E02298F43C00186C17 /* Debug */ = {
			isa = XCBuildConfiguration;
			buildSettings = {
				ALWAYS_SEARCH_USER_PATHS = NO;
				CLANG_ANALYZER_NONNULL = YES;
				CLANG_ANALYZER_NUMBER_OBJECT_CONVERSION = YES_AGGRESSIVE;
				CLANG_CXX_LANGUAGE_STANDARD = "gnu++14";
				CLANG_CXX_LIBRARY = "libc++";
				CLANG_ENABLE_MODULES = YES;
				CLANG_ENABLE_OBJC_ARC = YES;
				CLANG_ENABLE_OBJC_WEAK = YES;
				CLANG_WARN_BLOCK_CAPTURE_AUTORELEASING = YES;
				CLANG_WARN_BOOL_CONVERSION = YES;
				CLANG_WARN_COMMA = YES;
				CLANG_WARN_CONSTANT_CONVERSION = YES;
				CLANG_WARN_DEPRECATED_OBJC_IMPLEMENTATIONS = YES;
				CLANG_WARN_DIRECT_OBJC_ISA_USAGE = YES_ERROR;
				CLANG_WARN_DOCUMENTATION_COMMENTS = YES;
				CLANG_WARN_EMPTY_BODY = YES;
				CLANG_WARN_ENUM_CONVERSION = YES;
				CLANG_WARN_INFINITE_RECURSION = YES;
				CLANG_WARN_INT_CONVERSION = YES;
				CLANG_WARN_NON_LITERAL_NULL_CONVERSION = YES;
				CLANG_WARN_OBJC_IMPLICIT_RETAIN_SELF = YES;
				CLANG_WARN_OBJC_LITERAL_CONVERSION = YES;
				CLANG_WARN_OBJC_ROOT_CLASS = YES_ERROR;
				CLANG_WARN_RANGE_LOOP_ANALYSIS = YES;
				CLANG_WARN_STRICT_PROTOTYPES = YES;
				CLANG_WARN_SUSPICIOUS_MOVE = YES;
				CLANG_WARN_UNGUARDED_AVAILABILITY = YES_AGGRESSIVE;
				CLANG_WARN_UNREACHABLE_CODE = YES;
				CLANG_WARN__DUPLICATE_METHOD_MATCH = YES;
				CODE_SIGN_IDENTITY = "iPhone Developer";
				COPY_PHASE_STRIP = NO;
				DEBUG_INFORMATION_FORMAT = dwarf;
				ENABLE_STRICT_OBJC_MSGSEND = YES;
				ENABLE_TESTABILITY = YES;
				GCC_C_LANGUAGE_STANDARD = gnu11;
				GCC_DYNAMIC_NO_PIC = NO;
				GCC_NO_COMMON_BLOCKS = YES;
				GCC_OPTIMIZATION_LEVEL = 0;
				GCC_PREPROCESSOR_DEFINITIONS = (
					"DEBUG=1",
					"$(inherited)",
				);
				GCC_WARN_64_TO_32_BIT_CONVERSION = YES;
				GCC_WARN_ABOUT_RETURN_TYPE = YES_ERROR;
				GCC_WARN_UNDECLARED_SELECTOR = YES;
				GCC_WARN_UNINITIALIZED_AUTOS = YES_AGGRESSIVE;
				GCC_WARN_UNUSED_FUNCTION = YES;
				GCC_WARN_UNUSED_VARIABLE = YES;
				IPHONEOS_DEPLOYMENT_TARGET = 12.2;
				MTL_ENABLE_DEBUG_INFO = INCLUDE_SOURCE;
				MTL_FAST_MATH = YES;
				ONLY_ACTIVE_ARCH = YES;
				SDKROOT = iphoneos;
				SWIFT_ACTIVE_COMPILATION_CONDITIONS = DEBUG;
				SWIFT_OPTIMIZATION_LEVEL = "-Onone";
			};
			name = Debug;
		};
		C21F33E12298F43C00186C17 /* Release */ = {
			isa = XCBuildConfiguration;
			buildSettings = {
				ALWAYS_SEARCH_USER_PATHS = NO;
				CLANG_ANALYZER_NONNULL = YES;
				CLANG_ANALYZER_NUMBER_OBJECT_CONVERSION = YES_AGGRESSIVE;
				CLANG_CXX_LANGUAGE_STANDARD = "gnu++14";
				CLANG_CXX_LIBRARY = "libc++";
				CLANG_ENABLE_MODULES = YES;
				CLANG_ENABLE_OBJC_ARC = YES;
				CLANG_ENABLE_OBJC_WEAK = YES;
				CLANG_WARN_BLOCK_CAPTURE_AUTORELEASING = YES;
				CLANG_WARN_BOOL_CONVERSION = YES;
				CLANG_WARN_COMMA = YES;
				CLANG_WARN_CONSTANT_CONVERSION = YES;
				CLANG_WARN_DEPRECATED_OBJC_IMPLEMENTATIONS = YES;
				CLANG_WARN_DIRECT_OBJC_ISA_USAGE = YES_ERROR;
				CLANG_WARN_DOCUMENTATION_COMMENTS = YES;
				CLANG_WARN_EMPTY_BODY = YES;
				CLANG_WARN_ENUM_CONVERSION = YES;
				CLANG_WARN_INFINITE_RECURSION = YES;
				CLANG_WARN_INT_CONVERSION = YES;
				CLANG_WARN_NON_LITERAL_NULL_CONVERSION = YES;
				CLANG_WARN_OBJC_IMPLICIT_RETAIN_SELF = YES;
				CLANG_WARN_OBJC_LITERAL_CONVERSION = YES;
				CLANG_WARN_OBJC_ROOT_CLASS = YES_ERROR;
				CLANG_WARN_RANGE_LOOP_ANALYSIS = YES;
				CLANG_WARN_STRICT_PROTOTYPES = YES;
				CLANG_WARN_SUSPICIOUS_MOVE = YES;
				CLANG_WARN_UNGUARDED_AVAILABILITY = YES_AGGRESSIVE;
				CLANG_WARN_UNREACHABLE_CODE = YES;
				CLANG_WARN__DUPLICATE_METHOD_MATCH = YES;
				CODE_SIGN_IDENTITY = "iPhone Developer";
				COPY_PHASE_STRIP = NO;
				DEBUG_INFORMATION_FORMAT = "dwarf-with-dsym";
				ENABLE_NS_ASSERTIONS = NO;
				ENABLE_STRICT_OBJC_MSGSEND = YES;
				GCC_C_LANGUAGE_STANDARD = gnu11;
				GCC_NO_COMMON_BLOCKS = YES;
				GCC_WARN_64_TO_32_BIT_CONVERSION = YES;
				GCC_WARN_ABOUT_RETURN_TYPE = YES_ERROR;
				GCC_WARN_UNDECLARED_SELECTOR = YES;
				GCC_WARN_UNINITIALIZED_AUTOS = YES_AGGRESSIVE;
				GCC_WARN_UNUSED_FUNCTION = YES;
				GCC_WARN_UNUSED_VARIABLE = YES;
				IPHONEOS_DEPLOYMENT_TARGET = 12.2;
				MTL_ENABLE_DEBUG_INFO = NO;
				MTL_FAST_MATH = YES;
				SDKROOT = iphoneos;
				SWIFT_COMPILATION_MODE = wholemodule;
				SWIFT_OPTIMIZATION_LEVEL = "-O";
				VALIDATE_PRODUCT = YES;
			};
			name = Release;
		};
		C21F33E32298F43C00186C17 /* Debug */ = {
			isa = XCBuildConfiguration;
			baseConfigurationReference = FB19D2586B4915637D8BCDCF /* Pods-Artable.debug.xcconfig */;
			buildSettings = {
				ASSETCATALOG_COMPILER_APPICON_NAME = AppIcon;
				CODE_SIGN_STYLE = Automatic;
				INFOPLIST_FILE = Artable/Info.plist;
				LD_RUNPATH_SEARCH_PATHS = (
					"$(inherited)",
					"@executable_path/Frameworks",
				);
				PRODUCT_BUNDLE_IDENTIFIER = banglazing.com.arman.Artable;
				PRODUCT_NAME = "$(TARGET_NAME)";
				SWIFT_VERSION = 5.0;
				TARGETED_DEVICE_FAMILY = "1,2";
			};
			name = Debug;
		};
		C21F33E42298F43C00186C17 /* Release */ = {
			isa = XCBuildConfiguration;
			baseConfigurationReference = F4D27C527E29A8F2CF4C4E59 /* Pods-Artable.release.xcconfig */;
			buildSettings = {
				ASSETCATALOG_COMPILER_APPICON_NAME = AppIcon;
				CODE_SIGN_STYLE = Automatic;
				INFOPLIST_FILE = Artable/Info.plist;
				LD_RUNPATH_SEARCH_PATHS = (
					"$(inherited)",
					"@executable_path/Frameworks",
				);
				PRODUCT_BUNDLE_IDENTIFIER = banglazing.com.arman.Artable;
				PRODUCT_NAME = "$(TARGET_NAME)";
				SWIFT_VERSION = 5.0;
				TARGETED_DEVICE_FAMILY = "1,2";
			};
			name = Release;
		};
		C21F33FA2298F46E00186C17 /* Debug */ = {
			isa = XCBuildConfiguration;
			baseConfigurationReference = 802F76026DAD5055D72CE7FA /* Pods-ArtableAdmin.debug.xcconfig */;
			buildSettings = {
				ASSETCATALOG_COMPILER_APPICON_NAME = AppIcon;
				CODE_SIGN_STYLE = Automatic;
				INFOPLIST_FILE = ArtableAdmin/Info.plist;
				LD_RUNPATH_SEARCH_PATHS = (
					"$(inherited)",
					"@executable_path/Frameworks",
				);
				PRODUCT_BUNDLE_IDENTIFIER = banglazing.com.arman.ArtableAdmin;
				PRODUCT_NAME = "$(TARGET_NAME)";
				SWIFT_VERSION = 5.0;
				TARGETED_DEVICE_FAMILY = "1,2";
			};
			name = Debug;
		};
		C21F33FB2298F46E00186C17 /* Release */ = {
			isa = XCBuildConfiguration;
			baseConfigurationReference = 6C246922047E4E4E78DB658A /* Pods-ArtableAdmin.release.xcconfig */;
			buildSettings = {
				ASSETCATALOG_COMPILER_APPICON_NAME = AppIcon;
				CODE_SIGN_STYLE = Automatic;
				INFOPLIST_FILE = ArtableAdmin/Info.plist;
				LD_RUNPATH_SEARCH_PATHS = (
					"$(inherited)",
					"@executable_path/Frameworks",
				);
				PRODUCT_BUNDLE_IDENTIFIER = banglazing.com.arman.ArtableAdmin;
				PRODUCT_NAME = "$(TARGET_NAME)";
				SWIFT_VERSION = 5.0;
				TARGETED_DEVICE_FAMILY = "1,2";
			};
			name = Release;
		};
/* End XCBuildConfiguration section */

/* Begin XCConfigurationList section */
		C21F33CB2298F43A00186C17 /* Build configuration list for PBXProject "Artable" */ = {
			isa = XCConfigurationList;
			buildConfigurations = (
				C21F33E02298F43C00186C17 /* Debug */,
				C21F33E12298F43C00186C17 /* Release */,
			);
			defaultConfigurationIsVisible = 0;
			defaultConfigurationName = Release;
		};
		C21F33E22298F43C00186C17 /* Build configuration list for PBXNativeTarget "Artable" */ = {
			isa = XCConfigurationList;
			buildConfigurations = (
				C21F33E32298F43C00186C17 /* Debug */,
				C21F33E42298F43C00186C17 /* Release */,
			);
			defaultConfigurationIsVisible = 0;
			defaultConfigurationName = Release;
		};
		C21F33F92298F46E00186C17 /* Build configuration list for PBXNativeTarget "ArtableAdmin" */ = {
			isa = XCConfigurationList;
			buildConfigurations = (
				C21F33FA2298F46E00186C17 /* Debug */,
				C21F33FB2298F46E00186C17 /* Release */,
			);
			defaultConfigurationIsVisible = 0;
			defaultConfigurationName = Release;
		};
/* End XCConfigurationList section */
	};
	rootObject = C21F33C82298F43A00186C17 /* Project object */;
}
